
Microsoft Visual Studio Solution File, Format Version 12.00
# Visual Studio 15
VisualStudioVersion = 15.0.26730.16
MinimumVisualStudioVersion = 10.0.40219.1
Project("{FAE04EC0-301F-11D3-BF4B-00C04F79EFBC}") = "Bookcase.DAL", "Bookcase.DAL\Bookcase.DAL.csproj", "{AB5EABDF-29DB-485D-BACC-B2FA8C87EE30}"
EndProject
Project("{FAE04EC0-301F-11D3-BF4B-00C04F79EFBC}") = "Bookcase.BLL", "Bookcase.BLL\Bookcase.BLL.csproj", "{88A77260-3887-4C8B-AD8C-438BDEDA966D}"
EndProject
Project("{FAE04EC0-301F-11D3-BF4B-00C04F79EFBC}") = "Bookcase.ViewModel", "Bookcase.ViewModel\Bookcase.ViewModel.csproj", "{963BF2F8-CA93-4661-817C-D535741F1898}"
EndProject
Project("{FAE04EC0-301F-11D3-BF4B-00C04F79EFBC}") = "Bookcase.Web", "Bookcase.Web\Bookcase.Web.csproj", "{62357A1A-FD21-4B4B-AE66-C5F8E54976BC}"
EndProject
Project("{FAE04EC0-301F-11D3-BF4B-00C04F79EFBC}") = "Bookcase.DI", "Bookcase.DI\Bookcase.DI.csproj", "{2001D604-123E-45F4-8B3F-DF983EF4D62D}"
EndProject
Project("{FAE04EC0-301F-11D3-BF4B-00C04F79EFBC}") = "Bookcase.Domain", "Bookcase.Domain\Bookcase.Domain.csproj", "{5A021E9E-BC71-4880-BEE5-9C38306D974F}"
EndProject
Global
	GlobalSection(SolutionConfigurationPlatforms) = preSolution
		Debug|Any CPU = Debug|Any CPU
		Release|Any CPU = Release|Any CPU
	EndGlobalSection
	GlobalSection(ProjectConfigurationPlatforms) = postSolution
		{AB5EABDF-29DB-485D-BACC-B2FA8C87EE30}.Debug|Any CPU.ActiveCfg = Debug|Any CPU
		{AB5EABDF-29DB-485D-BACC-B2FA8C87EE30}.Debug|Any CPU.Build.0 = Debug|Any CPU
		{AB5EABDF-29DB-485D-BACC-B2FA8C87EE30}.Release|Any CPU.ActiveCfg = Release|Any CPU
		{AB5EABDF-29DB-485D-BACC-B2FA8C87EE30}.Release|Any CPU.Build.0 = Release|Any CPU
		{88A77260-3887-4C8B-AD8C-438BDEDA966D}.Debug|Any CPU.ActiveCfg = Debug|Any CPU
		{88A77260-3887-4C8B-AD8C-438BDEDA966D}.Debug|Any CPU.Build.0 = Debug|Any CPU
		{88A77260-3887-4C8B-AD8C-438BDEDA966D}.Release|Any CPU.ActiveCfg = Release|Any CPU
		{88A77260-3887-4C8B-AD8C-438BDEDA966D}.Release|Any CPU.Build.0 = Release|Any CPU
		{963BF2F8-CA93-4661-817C-D535741F1898}.Debug|Any CPU.ActiveCfg = Debug|Any CPU
		{963BF2F8-CA93-4661-817C-D535741F1898}.Debug|Any CPU.Build.0 = Debug|Any CPU
		{963BF2F8-CA93-4661-817C-D535741F1898}.Release|Any CPU.ActiveCfg = Release|Any CPU
		{963BF2F8-CA93-4661-817C-D535741F1898}.Release|Any CPU.Build.0 = Release|Any CPU
		{62357A1A-FD21-4B4B-AE66-C5F8E54976BC}.Debug|Any CPU.ActiveCfg = Debug|Any CPU
		{62357A1A-FD21-4B4B-AE66-C5F8E54976BC}.Debug|Any CPU.Build.0 = Debug|Any CPU
		{62357A1A-FD21-4B4B-AE66-C5F8E54976BC}.Release|Any CPU.ActiveCfg = Release|Any CPU
		{62357A1A-FD21-4B4B-AE66-C5F8E54976BC}.Release|Any CPU.Build.0 = Release|Any CPU
		{2001D604-123E-45F4-8B3F-DF983EF4D62D}.Debug|Any CPU.ActiveCfg = Debug|Any CPU
		{2001D604-123E-45F4-8B3F-DF983EF4D62D}.Debug|Any CPU.Build.0 = Debug|Any CPU
		{2001D604-123E-45F4-8B3F-DF983EF4D62D}.Release|Any CPU.ActiveCfg = Release|Any CPU
		{2001D604-123E-45F4-8B3F-DF983EF4D62D}.Release|Any CPU.Build.0 = Release|Any CPU
		{5A021E9E-BC71-4880-BEE5-9C38306D974F}.Debug|Any CPU.ActiveCfg = Debug|Any CPU
		{5A021E9E-BC71-4880-BEE5-9C38306D974F}.Debug|Any CPU.Build.0 = Debug|Any CPU
		{5A021E9E-BC71-4880-BEE5-9C38306D974F}.Release|Any CPU.ActiveCfg = Release|Any CPU
		{5A021E9E-BC71-4880-BEE5-9C38306D974F}.Release|Any CPU.Build.0 = Release|Any CPU
	EndGlobalSection
	GlobalSection(SolutionProperties) = preSolution
		HideSolutionNode = FALSE
	EndGlobalSection
	GlobalSection(ExtensibilityGlobals) = postSolution
		SolutionGuid = {87FC4195-CDE1-4221-BA6F-1B1BBCF08590}
	EndGlobalSection
EndGlobal
